// !$*UTF8*$!
{
	archiveVersion = 1;
	classes = {
	};
	objectVersion = 46;
	objects = {

/* Begin PBXBuildFile section */
		2764CBE21EB05AA5009135FF /* AppDelegate.swift in Sources */ = {isa = PBXBuildFile; fileRef = 2764CBE11EB05AA5009135FF /* AppDelegate.swift */; };
		2764CBE41EB05AA5009135FF /* ViewController.swift in Sources */ = {isa = PBXBuildFile; fileRef = 2764CBE31EB05AA5009135FF /* ViewController.swift */; };
		2764CBE71EB05AA5009135FF /* Main.storyboard in Resources */ = {isa = PBXBuildFile; fileRef = 2764CBE51EB05AA5009135FF /* Main.storyboard */; };
		2764CBE91EB05AA5009135FF /* Assets.xcassets in Resources */ = {isa = PBXBuildFile; fileRef = 2764CBE81EB05AA5009135FF /* Assets.xcassets */; };
		2764CBEC1EB05AA5009135FF /* LaunchScreen.storyboard in Resources */ = {isa = PBXBuildFile; fileRef = 2764CBEA1EB05AA5009135FF /* LaunchScreen.storyboard */; };
		2764CBF41EB06037009135FF /* PinkViewController.swift in Sources */ = {isa = PBXBuildFile; fileRef = 2764CBF31EB06037009135FF /* PinkViewController.swift */; };
		2764CBF61EB067B8009135FF /* PurpleViewController.swift in Sources */ = {isa = PBXBuildFile; fileRef = 2764CBF51EB067B8009135FF /* PurpleViewController.swift */; };
		2764CBF81EB0773B009135FF /* GreenViewController.swift in Sources */ = {isa = PBXBuildFile; fileRef = 2764CBF71EB0773B009135FF /* GreenViewController.swift */; };
		2764CBFA1EB07748009135FF /* YellowViewController.swift in Sources */ = {isa = PBXBuildFile; fileRef = 2764CBF91EB07748009135FF /* YellowViewController.swift */; };
		2764CBFC1EB07754009135FF /* RedViewController.swift in Sources */ = {isa = PBXBuildFile; fileRef = 2764CBFB1EB07754009135FF /* RedViewController.swift */; };
/* End PBXBuildFile section */

/* Begin PBXFileReference section */
		2764CBDE1EB05AA5009135FF /* NavigationTeset.app */ = {isa = PBXFileReference; explicitFileType = wrapper.application; includeInIndex = 0; path = NavigationTeset.app; sourceTree = BUILT_PRODUCTS_DIR; };
		2764CBE11EB05AA5009135FF /* AppDelegate.swift */ = {isa = PBXFileReference; lastKnownFileType = sourcecode.swift; path = AppDelegate.swift; sourceTree = "<group>"; };
		2764CBE31EB05AA5009135FF /* ViewController.swift */ = {isa = PBXFileReference; lastKnownFileType = sourcecode.swift; path = ViewController.swift; sourceTree = "<group>"; };
		2764CBE61EB05AA5009135FF /* Base */ = {isa = PBXFileReference; lastKnownFileType = file.storyboard; name = Base; path = Base.lproj/Main.storyboard; sourceTree = "<group>"; };
		2764CBE81EB05AA5009135FF /* Assets.xcassets */ = {isa = PBXFileReference; lastKnownFileType = folder.assetcatalog; path = Assets.xcassets; sourceTree = "<group>"; };
		2764CBEB1EB05AA5009135FF /* Base */ = {isa = PBXFileReference; lastKnownFileType = file.storyboard; name = Base; path = Base.lproj/LaunchScreen.storyboard; sourceTree = "<group>"; };
		2764CBED1EB05AA5009135FF /* Info.plist */ = {isa = PBXFileReference; lastKnownFileType = text.plist.xml; path = Info.plist; sourceTree = "<group>"; };
		2764CBF31EB06037009135FF /* PinkViewController.swift */ = {isa = PBXFileReference; fileEncoding = 4; lastKnownFileType = sourcecode.swift; path = PinkViewController.swift; sourceTree = "<group>"; };
		2764CBF51EB067B8009135FF /* PurpleViewController.swift */ = {isa = PBXFileReference; fileEncoding = 4; lastKnownFileType = sourcecode.swift; path = PurpleViewController.swift; sourceTree = "<group>"; };
		2764CBF71EB0773B009135FF /* GreenViewController.swift */ = {isa = PBXFileReference; fileEncoding = 4; lastKnownFileType = sourcecode.swift; path = GreenViewController.swift; sourceTree = "<group>"; };
		2764CBF91EB07748009135FF /* YellowViewController.swift */ = {isa = PBXFileReference; fileEncoding = 4; lastKnownFileType = sourcecode.swift; path = YellowViewController.swift; sourceTree = "<group>"; };
		2764CBFB1EB07754009135FF /* RedViewController.swift */ = {isa = PBXFileReference; fileEncoding = 4; lastKnownFileType = sourcecode.swift; path = RedViewController.swift; sourceTree = "<group>"; };
/* End PBXFileReference section */

/* Begin PBXFrameworksBuildPhase section */
		2764CBDB1EB05AA5009135FF /* Frameworks */ = {
			isa = PBXFrameworksBuildPhase;
			buildActionMask = 2147483647;
			files = (
			);
			runOnlyForDeploymentPostprocessing = 0;
		};
/* End PBXFrameworksBuildPhase section */

/* Begin PBXGroup section */
		2764CBD51EB05AA5009135FF = {
			isa = PBXGroup;
			children = (
				2764CBE01EB05AA5009135FF /* NavigationTeset */,
				2764CBDF1EB05AA5009135FF /* Products */,
			);
			sourceTree = "<group>";
		};
		2764CBDF1EB05AA5009135FF /* Products */ = {
			isa = PBXGroup;
			children = (
				2764CBDE1EB05AA5009135FF /* NavigationTeset.app */,
			);
			name = Products;
			sourceTree = "<group>";
		};
		2764CBE01EB05AA5009135FF /* NavigationTeset */ = {
			isa = PBXGroup;
			children = (
				2764CBE11EB05AA5009135FF /* AppDelegate.swift */,
				2764CBE31EB05AA5009135FF /* ViewController.swift */,
				2764CBE51EB05AA5009135FF /* Main.storyboard */,
				2764CBE81EB05AA5009135FF /* Assets.xcassets */,
				2764CBEA1EB05AA5009135FF /* LaunchScreen.storyboard */,
				2764CBED1EB05AA5009135FF /* Info.plist */,
				2764CBF31EB06037009135FF /* PinkViewController.swift */,
				2764CBF51EB067B8009135FF /* PurpleViewController.swift */,
				2764CBF71EB0773B009135FF /* GreenViewController.swift */,
				2764CBF91EB07748009135FF /* YellowViewController.swift */,
				2764CBFB1EB07754009135FF /* RedViewController.swift */,
			);
			path = NavigationTeset;
			sourceTree = "<group>";
		};
/* End PBXGroup section */

/* Begin PBXNativeTarget section */
		2764CBDD1EB05AA5009135FF /* NavigationTeset */ = {
			isa = PBXNativeTarget;
			buildConfigurationList = 2764CBF01EB05AA5009135FF /* Build configuration list for PBXNativeTarget "NavigationTeset" */;
			buildPhases = (
				2764CBDA1EB05AA5009135FF /* Sources */,
				2764CBDB1EB05AA5009135FF /* Frameworks */,
				2764CBDC1EB05AA5009135FF /* Resources */,
			);
			buildRules = (
			);
			dependencies = (
			);
			name = NavigationTeset;
			productName = NavigationTeset;
			productReference = 2764CBDE1EB05AA5009135FF /* NavigationTeset.app */;
			productType = "com.apple.product-type.application";
		};
/* End PBXNativeTarget section */

/* Begin PBXProject section */
		2764CBD61EB05AA5009135FF /* Project object */ = {
			isa = PBXProject;
			attributes = {
				LastSwiftUpdateCheck = 0830;
				LastUpgradeCheck = 0830;
				ORGANIZATIONNAME = NHIT;
				TargetAttributes = {
					2764CBDD1EB05AA5009135FF = {
						CreatedOnToolsVersion = 8.3.1;
						ProvisioningStyle = Automatic;
					};
				};
			};
			buildConfigurationList = 2764CBD91EB05AA5009135FF /* Build configuration list for PBXProject "NavigationTeset" */;
			compatibilityVersion = "Xcode 3.2";
			developmentRegion = English;
			hasScannedForEncodings = 0;
			knownRegions = (
				en,
				Base,
			);
			mainGroup = 2764CBD51EB05AA5009135FF;
			productRefGroup = 2764CBDF1EB05AA5009135FF /* Products */;
			projectDirPath = "";
			projectRoot = "";
			targets = (
				2764CBDD1EB05AA5009135FF /* NavigationTeset */,
			);
		};
/* End PBXProject section */

/* Begin PBXResourcesBuildPhase section */
		2764CBDC1EB05AA5009135FF /* Resources */ = {
			isa = PBXResourcesBuildPhase;
			buildActionMask = 2147483647;
			files = (
				2764CBEC1EB05AA5009135FF /* LaunchScreen.storyboard in Resources */,
				2764CBE91EB05AA5009135FF /* Assets.xcassets in Resources */,
				2764CBE71EB05AA5009135FF /* Main.storyboard in Resources */,
			);
			runOnlyForDeploymentPostprocessing = 0;
		};
/* End PBXResourcesBuildPhase section */

/* Begin PBXSourcesBuildPhase section */
		2764CBDA1EB05AA5009135FF /* Sources */ = {
			isa = PBXSourcesBuildPhase;
			buildActionMask = 2147483647;
			files = (
				2764CBFC1EB07754009135FF /* RedViewController.swift in Sources */,
				2764CBF61EB067B8009135FF /* PurpleViewController.swift in Sources */,
				2764CBF41EB06037009135FF /* PinkViewController.swift in Sources */,
				2764CBE41EB05AA5009135FF /* ViewController.swift in Sources */,
				2764CBE21EB05AA5009135FF /* AppDelegate.swift in Sources */,
				2764CBFA1EB07748009135FF /* YellowViewController.swift in Sources */,
				2764CBF81EB0773B009135FF /* GreenViewController.swift in Sources */,
			);
			runOnlyForDeploymentPostprocessing = 0;
		};
/* End PBXSourcesBuildPhase section */

/* Begin PBXVariantGroup section */
		2764CBE51EB05AA5009135FF /* Main.storyboard */ = {
			isa = PBXVariantGroup;
			children = (
				2764CBE61EB05AA5009135FF /* Base */,
			);
			name = Main.storyboard;
			sourceTree = "<group>";
		};
		2764CBEA1EB05AA5009135FF /* LaunchScreen.storyboard */ = {
			isa = PBXVariantGroup;
			children = (
				2764CBEB1EB05AA5009135FF /* Base */,
			);
			name = LaunchScreen.storyboard;
			sourceTree = "<group>";
		};
/* End PBXVariantGroup section */

/* Begin XCBuildConfiguration section */
		2764CBEE1EB05AA5009135FF /* Debug */ = {
			isa = XCBuildConfiguration;
			buildSettings = {
				ALWAYS_SEARCH_USER_PATHS = NO;
				CLANG_ANALYZER_NONNULL = YES;
				CLANG_ANALYZER_NUMBER_OBJECT_CONVERSION = YES_AGGRESSIVE;
				CLANG_CXX_LANGUAGE_STANDARD = "gnu++0x";
				CLANG_CXX_LIBRARY = "libc++";
				CLANG_ENABLE_MODULES = YES;
				CLANG_ENABLE_OBJC_ARC = YES;
				CLANG_WARN_BOOL_CONVERSION = YES;
				CLANG_WARN_CONSTANT_CONVERSION = YES;
				CLANG_WARN_DIRECT_OBJC_ISA_USAGE = YES_ERROR;
				CLANG_WARN_DOCUMENTATION_COMMENTS = YES;
				CLANG_WARN_EMPTY_BODY = YES;
				CLANG_WARN_ENUM_CONVERSION = YES;
				CLANG_WARN_INFINITE_RECURSION = YES;
				CLANG_WARN_INT_CONVERSION = YES;
				CLANG_WARN_OBJC_ROOT_CLASS = YES_ERROR;
				CLANG_WARN_SUSPICIOUS_MOVE = YES;
				CLANG_WARN_UNREACHABLE_CODE = YES;
				CLANG_WARN__DUPLICATE_METHOD_MATCH = YES;
				"CODE_SIGN_IDENTITY[sdk=iphoneos*]" = "iPhone Developer";
				COPY_PHASE_STRIP = NO;
				DEBUG_INFORMATION_FORMAT = dwarf;
				ENABLE_STRICT_OBJC_MSGSEND = YES;
				ENABLE_TESTABILITY = YES;
				GCC_C_LANGUAGE_STANDARD = gnu99;
				GCC_DYNAMIC_NO_PIC = NO;
				GCC_NO_COMMON_BLOCKS = YES;
				GCC_OPTIMIZATION_LEVEL = 0;
				GCC_PREPROCESSOR_DEFINITIONS = (
					"DEBUG=1",
					"$(inherited)",
				);
				GCC_WARN_64_TO_32_BIT_CONVERSION = YES;
				GCC_WARN_ABOUT_RETURN_TYPE = YES_ERROR;
				GCC_WARN_UNDECLARED_SELECTOR = YES;
				GCC_WARN_UNINITIALIZED_AUTOS = YES_AGGRESSIVE;
				GCC_WARN_UNUSED_FUNCTION = YES;
				GCC_WARN_UNUSED_VARIABLE = YES;
				IPHONEOS_DEPLOYMENT_TARGET = 10.3;
				MTL_ENABLE_DEBUG_INFO = YES;
				ONLY_ACTIVE_ARCH = YES;
				SDKROOT = iphoneos;
				SWIFT_ACTIVE_COMPILATION_CONDITIONS = DEBUG;
				SWIFT_OPTIMIZATION_LEVEL = "-Onone";
			};
			name = Debug;
		};
		2764CBEF1EB05AA5009135FF /* Release */ = {
			isa = XCBuildConfiguration;
			buildSettings = {
				ALWAYS_SEARCH_USER_PATHS = NO;
				CLANG_ANALYZER_NONNULL = YES;
				CLANG_ANALYZER_NUMBER_OBJECT_CONVERSION = YES_AGGRESSIVE;
				CLANG_CXX_LANGUAGE_STANDARD = "gnu++0x";
				CLANG_CXX_LIBRARY = "libc++";
				CLANG_ENABLE_MODULES = YES;
				CLANG_ENABLE_OBJC_ARC = YES;
				CLANG_WARN_BOOL_CONVERSION = YES;
				CLANG_WARN_CONSTANT_CONVERSION = YES;
				CLANG_WARN_DIRECT_OBJC_ISA_USAGE = YES_ERROR;
				CLANG_WARN_DOCUMENTATION_COMMENTS = YES;
				CLANG_WARN_EMPTY_BODY = YES;
				CLANG_WARN_ENUM_CONVERSION = YES;
				CLANG_WARN_INFINITE_RECURSION = YES;
				CLANG_WARN_INT_CONVERSION = YES;
				CLANG_WARN_OBJC_ROOT_CLASS = YES_ERROR;
				CLANG_WARN_SUSPICIOUS_MOVE = YES;
				CLANG_WARN_UNREACHABLE_CODE = YES;
				CLANG_WARN__DUPLICATE_METHOD_MATCH = YES;
				"CODE_SIGN_IDENTITY[sdk=iphoneos*]" = "iPhone Developer";
				COPY_PHASE_STRIP = NO;
				DEBUG_INFORMATION_FORMAT = "dwarf-with-dsym";
				ENABLE_NS_ASSERTIONS = NO;
				ENABLE_STRICT_OBJC_MSGSEND = YES;
				GCC_C_LANGUAGE_STANDARD = gnu99;
				GCC_NO_COMMON_BLOCKS = YES;
				GCC_WARN_64_TO_32_BIT_CONVERSION = YES;
				GCC_WARN_ABOUT_RETURN_TYPE = YES_ERROR;
				GCC_WARN_UNDECLARED_SELECTOR = YES;
				GCC_WARN_UNINITIALIZED_AUTOS = YES_AGGRESSIVE;
				GCC_WARN_UNUSED_FUNCTION = YES;
				GCC_WARN_UNUSED_VARIABLE = YES;
				IPHONEOS_DEPLOYMENT_TARGET = 10.3;
				MTL_ENABLE_DEBUG_INFO = NO;
				SDKROOT = iphoneos;
				SWIFT_OPTIMIZATION_LEVEL = "-Owholemodule";
				VALIDATE_PRODUCT = YES;
			};
			name = Release;
		};
		2764CBF11EB05AA5009135FF /* Debug */ = {
			isa = XCBuildConfiguration;
			buildSettings = {
				ASSETCATALOG_COMPILER_APPICON_NAME = AppIcon;
				INFOPLIST_FILE = NavigationTeset/Info.plist;
				LD_RUNPATH_SEARCH_PATHS = "$(inherited) @executable_path/Frameworks";
				PRODUCT_BUNDLE_IDENTIFIER = com.nhit.NavigationTeset;
				PRODUCT_NAME = "$(TARGET_NAME)";
				SWIFT_VERSION = 3.0;
			};
			name = Debug;
		};
		2764CBF21EB05AA5009135FF /* Release */ = {
			isa = XCBuildConfiguration;
			buildSettings = {
				ASSETCATALOG_COMPILER_APPICON_NAME = AppIcon;
				INFOPLIST_FILE = NavigationTeset/Info.plist;
				LD_RUNPATH_SEARCH_PATHS = "$(inherited) @executable_path/Frameworks";
				PRODUCT_BUNDLE_IDENTIFIER = com.nhit.NavigationTeset;
				PRODUCT_NAME = "$(TARGET_NAME)";
				SWIFT_VERSION = 3.0;
			};
			name = Release;
		};
/* End XCBuildConfiguration section */

/* Begin XCConfigurationList section */
		2764CBD91EB05AA5009135FF /* Build configuration list for PBXProject "NavigationTeset" */ = {
			isa = XCConfigurationList;
			buildConfigurations = (
				2764CBEE1EB05AA5009135FF /* Debug */,
				2764CBEF1EB05AA5009135FF /* Release */,
			);
			defaultConfigurationIsVisible = 0;
			defaultConfigurationName = Release;
		};
		2764CBF01EB05AA5009135FF /* Build configuration list for PBXNativeTarget "NavigationTeset" */ = {
			isa = XCConfigurationList;
			buildConfigurations = (
				2764CBF11EB05AA5009135FF /* Debug */,
				2764CBF21EB05AA5009135FF /* Release */,
			);
			defaultConfigurationIsVisible = 0;
		};
/* End XCConfigurationList section */
	};
	rootObject = 2764CBD61EB05AA5009135FF /* Project object */;
}
